PODS:
  - Alamofire (4.2.0)
  - SVProgressHUD (2.2.5)
  - SwiftyJSON (4.0.0)

DEPENDENCIES:
  - Alamofire (~> 4.2.0)
  - SVProgressHUD
  - SwiftyJSON (~> 4.0.0)

SPEC REPOS:
  trunk:
    - Alamofire
    - SVProgressHUD
    - SwiftyJSON

SPEC CHECKSUMS:
  Alamofire: aa2e09d871c9160ac53c90e83c68064a94e3dfbe
  SVProgressHUD: 1428aafac632c1f86f62aa4243ec12008d7a51d6
  SwiftyJSON: 070dabdcb1beb81b247c65ffa3a79dbbfb3b48aa

PODFILE CHECKSUM: 0a7ecbe976b4a49cf57f7cfe65602ad906f4fc7d

COCOAPODS: 1.8.4
