// !$*UTF8*$!
{
	archiveVersion = 1;
	classes = {
	};
	objectVersion = 51;
	objects = {

/* Begin PBXBuildFile section */
		2AF1B2877C28AE962B464BF7 /* Pods_CocoapodTest.framework in Frameworks */ = {isa = PBXBuildFile; fileRef = DB10D9B5B4EE8CB76D04161D /* Pods_CocoapodTest.framework */; };
		9607A04023BF546E00306838 /* SentViewController.swift in Sources */ = {isa = PBXBuildFile; fileRef = 9607A03F23BF546E00306838 /* SentViewController.swift */; };
		961C2C8623C0C49E00CE0C87 /* DetailViewController.swift in Sources */ = {isa = PBXBuildFile; fileRef = 961C2C8523C0C49E00CE0C87 /* DetailViewController.swift */; };
		961C2C8A23C0D15100CE0C87 /* Comment.swift in Sources */ = {isa = PBXBuildFile; fileRef = 961C2C8923C0D15100CE0C87 /* Comment.swift */; };
		961C2C8E23C0D34900CE0C87 /* CommentTableViewCell.swift in Sources */ = {isa = PBXBuildFile; fileRef = 961C2C8D23C0D34900CE0C87 /* CommentTableViewCell.swift */; };
		961C2C9023C0D48A00CE0C87 /* CommentTableViewController.swift in Sources */ = {isa = PBXBuildFile; fileRef = 961C2C8F23C0D48A00CE0C87 /* CommentTableViewController.swift */; };
		961C2C9323C112E100CE0C87 /* UserInfoViewController.swift in Sources */ = {isa = PBXBuildFile; fileRef = 961C2C9223C112E100CE0C87 /* UserInfoViewController.swift */; };
		962D441923BFD85A00034A3A /* CommentUtil.swift in Sources */ = {isa = PBXBuildFile; fileRef = 962D441823BFD85A00034A3A /* CommentUtil.swift */; };
		96CE3FF423BCB35F0083ADA4 /* AppDelegate.swift in Sources */ = {isa = PBXBuildFile; fileRef = 96CE3FF323BCB35F0083ADA4 /* AppDelegate.swift */; };
		96CE3FF623BCB35F0083ADA4 /* ViewController.swift in Sources */ = {isa = PBXBuildFile; fileRef = 96CE3FF523BCB35F0083ADA4 /* ViewController.swift */; };
		96CE3FF923BCB35F0083ADA4 /* Main.storyboard in Resources */ = {isa = PBXBuildFile; fileRef = 96CE3FF723BCB35F0083ADA4 /* Main.storyboard */; };
		96CE3FFB23BCB3620083ADA4 /* Assets.xcassets in Resources */ = {isa = PBXBuildFile; fileRef = 96CE3FFA23BCB3620083ADA4 /* Assets.xcassets */; };
		96CE3FFE23BCB3620083ADA4 /* LaunchScreen.storyboard in Resources */ = {isa = PBXBuildFile; fileRef = 96CE3FFC23BCB3620083ADA4 /* LaunchScreen.storyboard */; };
		96CE400923BCB3620083ADA4 /* CocoapodTestTests.swift in Sources */ = {isa = PBXBuildFile; fileRef = 96CE400823BCB3620083ADA4 /* CocoapodTestTests.swift */; };
		96CE401423BCB3620083ADA4 /* CocoapodTestUITests.swift in Sources */ = {isa = PBXBuildFile; fileRef = 96CE401323BCB3620083ADA4 /* CocoapodTestUITests.swift */; };
		96CE402423BCD0F20083ADA4 /* NetWorkRequest.swift in Sources */ = {isa = PBXBuildFile; fileRef = 96CE402323BCD0F20083ADA4 /* NetWorkRequest.swift */; };
		96CE402823BEA6F20083ADA4 /* BlogTableViewController.swift in Sources */ = {isa = PBXBuildFile; fileRef = 96CE402723BEA6F20083ADA4 /* BlogTableViewController.swift */; };
		96CE402A23BEA9600083ADA4 /* BlogTableViewCell.swift in Sources */ = {isa = PBXBuildFile; fileRef = 96CE402923BEA9600083ADA4 /* BlogTableViewCell.swift */; };
		96CE402C23BEAA1C0083ADA4 /* Blog.swift in Sources */ = {isa = PBXBuildFile; fileRef = 96CE402B23BEAA1C0083ADA4 /* Blog.swift */; };
/* End PBXBuildFile section */

/* Begin PBXContainerItemProxy section */
		96CE400523BCB3620083ADA4 /* PBXContainerItemProxy */ = {
			isa = PBXContainerItemProxy;
			containerPortal = 96CE3FE823BCB35F0083ADA4 /* Project object */;
			proxyType = 1;
			remoteGlobalIDString = 96CE3FEF23BCB35F0083ADA4;
			remoteInfo = CocoapodTest;
		};
		96CE401023BCB3620083ADA4 /* PBXContainerItemProxy */ = {
			isa = PBXContainerItemProxy;
			containerPortal = 96CE3FE823BCB35F0083ADA4 /* Project object */;
			proxyType = 1;
			remoteGlobalIDString = 96CE3FEF23BCB35F0083ADA4;
			remoteInfo = CocoapodTest;
		};
/* End PBXContainerItemProxy section */

/* Begin PBXFileReference section */
		0FA4390435E0466B2BB9DFF6 /* Pods-CocoapodTest-CocoapodTestUITests.release.xcconfig */ = {isa = PBXFileReference; includeInIndex = 1; lastKnownFileType = text.xcconfig; name = "Pods-CocoapodTest-CocoapodTestUITests.release.xcconfig"; path = "Target Support Files/Pods-CocoapodTest-CocoapodTestUITests/Pods-CocoapodTest-CocoapodTestUITests.release.xcconfig"; sourceTree = "<group>"; };
		32E6AD14F1F7CEDC72B42C9B /* Pods-CocoapodTest-CocoapodTestTests.release.xcconfig */ = {isa = PBXFileReference; includeInIndex = 1; lastKnownFileType = text.xcconfig; name = "Pods-CocoapodTest-CocoapodTestTests.release.xcconfig"; path = "Target Support Files/Pods-CocoapodTest-CocoapodTestTests/Pods-CocoapodTest-CocoapodTestTests.release.xcconfig"; sourceTree = "<group>"; };
		4DFAD8F1A73ADBE2C939F90A /* Pods-CocoapodTest-CocoapodTestUITests.debug.xcconfig */ = {isa = PBXFileReference; includeInIndex = 1; lastKnownFileType = text.xcconfig; name = "Pods-CocoapodTest-CocoapodTestUITests.debug.xcconfig"; path = "Target Support Files/Pods-CocoapodTest-CocoapodTestUITests/Pods-CocoapodTest-CocoapodTestUITests.debug.xcconfig"; sourceTree = "<group>"; };
		5EDA8032DF94531EC714D2AB /* Pods-CocoapodTest.release.xcconfig */ = {isa = PBXFileReference; includeInIndex = 1; lastKnownFileType = text.xcconfig; name = "Pods-CocoapodTest.release.xcconfig"; path = "Target Support Files/Pods-CocoapodTest/Pods-CocoapodTest.release.xcconfig"; sourceTree = "<group>"; };
		68CFFB64791FF6A242A006CE /* Pods-CocoapodTest.debug.xcconfig */ = {isa = PBXFileReference; includeInIndex = 1; lastKnownFileType = text.xcconfig; name = "Pods-CocoapodTest.debug.xcconfig"; path = "Target Support Files/Pods-CocoapodTest/Pods-CocoapodTest.debug.xcconfig"; sourceTree = "<group>"; };
		7BB217CED30E184BFB6A9406 /* Pods-CocoapodTest-CocoapodTestTests.debug.xcconfig */ = {isa = PBXFileReference; includeInIndex = 1; lastKnownFileType = text.xcconfig; name = "Pods-CocoapodTest-CocoapodTestTests.debug.xcconfig"; path = "Target Support Files/Pods-CocoapodTest-CocoapodTestTests/Pods-CocoapodTest-CocoapodTestTests.debug.xcconfig"; sourceTree = "<group>"; };
		9607A03F23BF546E00306838 /* SentViewController.swift */ = {isa = PBXFileReference; lastKnownFileType = sourcecode.swift; path = SentViewController.swift; sourceTree = "<group>"; };
		961C2C8523C0C49E00CE0C87 /* DetailViewController.swift */ = {isa = PBXFileReference; lastKnownFileType = sourcecode.swift; path = DetailViewController.swift; sourceTree = "<group>"; };
		961C2C8923C0D15100CE0C87 /* Comment.swift */ = {isa = PBXFileReference; lastKnownFileType = sourcecode.swift; path = Comment.swift; sourceTree = "<group>"; };
		961C2C8D23C0D34900CE0C87 /* CommentTableViewCell.swift */ = {isa = PBXFileReference; lastKnownFileType = sourcecode.swift; path = CommentTableViewCell.swift; sourceTree = "<group>"; };
		961C2C8F23C0D48A00CE0C87 /* CommentTableViewController.swift */ = {isa = PBXFileReference; lastKnownFileType = sourcecode.swift; path = CommentTableViewController.swift; sourceTree = "<group>"; };
		961C2C9223C112E100CE0C87 /* UserInfoViewController.swift */ = {isa = PBXFileReference; lastKnownFileType = sourcecode.swift; path = UserInfoViewController.swift; sourceTree = "<group>"; };
		962D441823BFD85A00034A3A /* CommentUtil.swift */ = {isa = PBXFileReference; lastKnownFileType = sourcecode.swift; path = CommentUtil.swift; sourceTree = "<group>"; };
		96CE3FF023BCB35F0083ADA4 /* CocoapodTest.app */ = {isa = PBXFileReference; explicitFileType = wrapper.application; includeInIndex = 0; path = CocoapodTest.app; sourceTree = BUILT_PRODUCTS_DIR; };
		96CE3FF323BCB35F0083ADA4 /* AppDelegate.swift */ = {isa = PBXFileReference; lastKnownFileType = sourcecode.swift; path = AppDelegate.swift; sourceTree = "<group>"; };
		96CE3FF523BCB35F0083ADA4 /* ViewController.swift */ = {isa = PBXFileReference; lastKnownFileType = sourcecode.swift; path = ViewController.swift; sourceTree = "<group>"; };
		96CE3FF823BCB35F0083ADA4 /* Base */ = {isa = PBXFileReference; lastKnownFileType = file.storyboard; name = Base; path = Base.lproj/Main.storyboard; sourceTree = "<group>"; };
		96CE3FFA23BCB3620083ADA4 /* Assets.xcassets */ = {isa = PBXFileReference; lastKnownFileType = folder.assetcatalog; path = Assets.xcassets; sourceTree = "<group>"; };
		96CE3FFD23BCB3620083ADA4 /* Base */ = {isa = PBXFileReference; lastKnownFileType = file.storyboard; name = Base; path = Base.lproj/LaunchScreen.storyboard; sourceTree = "<group>"; };
		96CE3FFF23BCB3620083ADA4 /* Info.plist */ = {isa = PBXFileReference; lastKnownFileType = text.plist.xml; path = Info.plist; sourceTree = "<group>"; };
		96CE400423BCB3620083ADA4 /* CocoapodTestTests.xctest */ = {isa = PBXFileReference; explicitFileType = wrapper.cfbundle; includeInIndex = 0; path = CocoapodTestTests.xctest; sourceTree = BUILT_PRODUCTS_DIR; };
		96CE400823BCB3620083ADA4 /* CocoapodTestTests.swift */ = {isa = PBXFileReference; lastKnownFileType = sourcecode.swift; path = CocoapodTestTests.swift; sourceTree = "<group>"; };
		96CE400A23BCB3620083ADA4 /* Info.plist */ = {isa = PBXFileReference; lastKnownFileType = text.plist.xml; path = Info.plist; sourceTree = "<group>"; };
		96CE400F23BCB3620083ADA4 /* CocoapodTestUITests.xctest */ = {isa = PBXFileReference; explicitFileType = wrapper.cfbundle; includeInIndex = 0; path = CocoapodTestUITests.xctest; sourceTree = BUILT_PRODUCTS_DIR; };
		96CE401323BCB3620083ADA4 /* CocoapodTestUITests.swift */ = {isa = PBXFileReference; lastKnownFileType = sourcecode.swift; path = CocoapodTestUITests.swift; sourceTree = "<group>"; };
		96CE401523BCB3620083ADA4 /* Info.plist */ = {isa = PBXFileReference; lastKnownFileType = text.plist.xml; path = Info.plist; sourceTree = "<group>"; };
		96CE402323BCD0F20083ADA4 /* NetWorkRequest.swift */ = {isa = PBXFileReference; lastKnownFileType = sourcecode.swift; path = NetWorkRequest.swift; sourceTree = "<group>"; };
		96CE402723BEA6F20083ADA4 /* BlogTableViewController.swift */ = {isa = PBXFileReference; lastKnownFileType = sourcecode.swift; path = BlogTableViewController.swift; sourceTree = "<group>"; };
		96CE402923BEA9600083ADA4 /* BlogTableViewCell.swift */ = {isa = PBXFileReference; lastKnownFileType = sourcecode.swift; path = BlogTableViewCell.swift; sourceTree = "<group>"; };
		96CE402B23BEAA1C0083ADA4 /* Blog.swift */ = {isa = PBXFileReference; lastKnownFileType = sourcecode.swift; path = Blog.swift; sourceTree = "<group>"; };
		DB10D9B5B4EE8CB76D04161D /* Pods_CocoapodTest.framework */ = {isa = PBXFileReference; explicitFileType = wrapper.framework; includeInIndex = 0; path = Pods_CocoapodTest.framework; sourceTree = BUILT_PRODUCTS_DIR; };
/* End PBXFileReference section */

/* Begin PBXFrameworksBuildPhase section */
		96CE3FED23BCB35F0083ADA4 /* Frameworks */ = {
			isa = PBXFrameworksBuildPhase;
			buildActionMask = 2147483647;
			files = (
				2AF1B2877C28AE962B464BF7 /* Pods_CocoapodTest.framework in Frameworks */,
			);
			runOnlyForDeploymentPostprocessing = 0;
		};
		96CE400123BCB3620083ADA4 /* Frameworks */ = {
			isa = PBXFrameworksBuildPhase;
			buildActionMask = 2147483647;
			files = (
			);
			runOnlyForDeploymentPostprocessing = 0;
		};
		96CE400C23BCB3620083ADA4 /* Frameworks */ = {
			isa = PBXFrameworksBuildPhase;
			buildActionMask = 2147483647;
			files = (
			);
			runOnlyForDeploymentPostprocessing = 0;
		};
/* End PBXFrameworksBuildPhase section */

/* Begin PBXGroup section */
		711472D3367C4AE74F828515 /* Pods */ = {
			isa = PBXGroup;
			children = (
				68CFFB64791FF6A242A006CE /* Pods-CocoapodTest.debug.xcconfig */,
				5EDA8032DF94531EC714D2AB /* Pods-CocoapodTest.release.xcconfig */,
				4DFAD8F1A73ADBE2C939F90A /* Pods-CocoapodTest-CocoapodTestUITests.debug.xcconfig */,
				0FA4390435E0466B2BB9DFF6 /* Pods-CocoapodTest-CocoapodTestUITests.release.xcconfig */,
				7BB217CED30E184BFB6A9406 /* Pods-CocoapodTest-CocoapodTestTests.debug.xcconfig */,
				32E6AD14F1F7CEDC72B42C9B /* Pods-CocoapodTest-CocoapodTestTests.release.xcconfig */,
			);
			path = Pods;
			sourceTree = "<group>";
		};
		96CE3FE723BCB35F0083ADA4 = {
			isa = PBXGroup;
			children = (
				96CE3FF223BCB35F0083ADA4 /* CocoapodTest */,
				96CE400723BCB3620083ADA4 /* CocoapodTestTests */,
				96CE401223BCB3620083ADA4 /* CocoapodTestUITests */,
				96CE3FF123BCB35F0083ADA4 /* Products */,
				711472D3367C4AE74F828515 /* Pods */,
				DDED54A3D86EB90791D0BA2B /* Frameworks */,
			);
			sourceTree = "<group>";
		};
		96CE3FF123BCB35F0083ADA4 /* Products */ = {
			isa = PBXGroup;
			children = (
				96CE3FF023BCB35F0083ADA4 /* CocoapodTest.app */,
				96CE400423BCB3620083ADA4 /* CocoapodTestTests.xctest */,
				96CE400F23BCB3620083ADA4 /* CocoapodTestUITests.xctest */,
			);
			name = Products;
			sourceTree = "<group>";
		};
		96CE3FF223BCB35F0083ADA4 /* CocoapodTest */ = {
			isa = PBXGroup;
			children = (
				96CE3FF323BCB35F0083ADA4 /* AppDelegate.swift */,
				96CE3FF523BCB35F0083ADA4 /* ViewController.swift */,
				96CE3FF723BCB35F0083ADA4 /* Main.storyboard */,
				96CE3FFA23BCB3620083ADA4 /* Assets.xcassets */,
				96CE3FFC23BCB3620083ADA4 /* LaunchScreen.storyboard */,
				96CE402B23BEAA1C0083ADA4 /* Blog.swift */,
				961C2C8923C0D15100CE0C87 /* Comment.swift */,
				96CE402323BCD0F20083ADA4 /* NetWorkRequest.swift */,
				96CE3FFF23BCB3620083ADA4 /* Info.plist */,
				96CE402723BEA6F20083ADA4 /* BlogTableViewController.swift */,
				96CE402923BEA9600083ADA4 /* BlogTableViewCell.swift */,
				9607A03F23BF546E00306838 /* SentViewController.swift */,
				962D441823BFD85A00034A3A /* CommentUtil.swift */,
				961C2C8523C0C49E00CE0C87 /* DetailViewController.swift */,
				961C2C8D23C0D34900CE0C87 /* CommentTableViewCell.swift */,
				961C2C8F23C0D48A00CE0C87 /* CommentTableViewController.swift */,
				961C2C9223C112E100CE0C87 /* UserInfoViewController.swift */,
			);
			path = CocoapodTest;
			sourceTree = "<group>";
		};
		96CE400723BCB3620083ADA4 /* CocoapodTestTests */ = {
			isa = PBXGroup;
			children = (
				96CE400823BCB3620083ADA4 /* CocoapodTestTests.swift */,
				96CE400A23BCB3620083ADA4 /* Info.plist */,
			);
			path = CocoapodTestTests;
			sourceTree = "<group>";
		};
		96CE401223BCB3620083ADA4 /* CocoapodTestUITests */ = {
			isa = PBXGroup;
			children = (
				96CE401323BCB3620083ADA4 /* CocoapodTestUITests.swift */,
				96CE401523BCB3620083ADA4 /* Info.plist */,
			);
			path = CocoapodTestUITests;
			sourceTree = "<group>";
		};
		DDED54A3D86EB90791D0BA2B /* Frameworks */ = {
			isa = PBXGroup;
			children = (
				DB10D9B5B4EE8CB76D04161D /* Pods_CocoapodTest.framework */,
			);
			name = Frameworks;
			sourceTree = "<group>";
		};
/* End PBXGroup section */

/* Begin PBXNativeTarget section */
		96CE3FEF23BCB35F0083ADA4 /* CocoapodTest */ = {
			isa = PBXNativeTarget;
			buildConfigurationList = 96CE401823BCB3620083ADA4 /* Build configuration list for PBXNativeTarget "CocoapodTest" */;
			buildPhases = (
				F61CDCB6457922234A6EAC7E /* [CP] Check Pods Manifest.lock */,
				96CE3FEC23BCB35F0083ADA4 /* Sources */,
				96CE3FED23BCB35F0083ADA4 /* Frameworks */,
				96CE3FEE23BCB35F0083ADA4 /* Resources */,
				DA149AD43BFDE687DA26AE95 /* [CP] Embed Pods Frameworks */,
			);
			buildRules = (
			);
			dependencies = (
			);
			name = CocoapodTest;
			productName = CocoapodTest;
			productReference = 96CE3FF023BCB35F0083ADA4 /* CocoapodTest.app */;
			productType = "com.apple.product-type.application";
		};
		96CE400323BCB3620083ADA4 /* CocoapodTestTests */ = {
			isa = PBXNativeTarget;
			buildConfigurationList = 96CE401B23BCB3620083ADA4 /* Build configuration list for PBXNativeTarget "CocoapodTestTests" */;
			buildPhases = (
				96CE400023BCB3620083ADA4 /* Sources */,
				96CE400123BCB3620083ADA4 /* Frameworks */,
				96CE400223BCB3620083ADA4 /* Resources */,
			);
			buildRules = (
			);
			dependencies = (
				96CE400623BCB3620083ADA4 /* PBXTargetDependency */,
			);
			name = CocoapodTestTests;
			productName = CocoapodTestTests;
			productReference = 96CE400423BCB3620083ADA4 /* CocoapodTestTests.xctest */;
			productType = "com.apple.product-type.bundle.unit-test";
		};
		96CE400E23BCB3620083ADA4 /* CocoapodTestUITests */ = {
			isa = PBXNativeTarget;
			buildConfigurationList = 96CE401E23BCB3620083ADA4 /* Build configuration list for PBXNativeTarget "CocoapodTestUITests" */;
			buildPhases = (
				96CE400B23BCB3620083ADA4 /* Sources */,
				96CE400C23BCB3620083ADA4 /* Frameworks */,
				96CE400D23BCB3620083ADA4 /* Resources */,
			);
			buildRules = (
			);
			dependencies = (
				96CE401123BCB3620083ADA4 /* PBXTargetDependency */,
			);
			name = CocoapodTestUITests;
			productName = CocoapodTestUITests;
			productReference = 96CE400F23BCB3620083ADA4 /* CocoapodTestUITests.xctest */;
			productType = "com.apple.product-type.bundle.ui-testing";
		};
/* End PBXNativeTarget section */

/* Begin PBXProject section */
		96CE3FE823BCB35F0083ADA4 /* Project object */ = {
			isa = PBXProject;
			attributes = {
				LastSwiftUpdateCheck = 1010;
				LastUpgradeCheck = 1010;
				ORGANIZATIONNAME = Jason;
				TargetAttributes = {
					96CE3FEF23BCB35F0083ADA4 = {
						CreatedOnToolsVersion = 10.1;
					};
					96CE400323BCB3620083ADA4 = {
						CreatedOnToolsVersion = 10.1;
						TestTargetID = 96CE3FEF23BCB35F0083ADA4;
					};
					96CE400E23BCB3620083ADA4 = {
						CreatedOnToolsVersion = 10.1;
						TestTargetID = 96CE3FEF23BCB35F0083ADA4;
					};
				};
			};
			buildConfigurationList = 96CE3FEB23BCB35F0083ADA4 /* Build configuration list for PBXProject "CocoapodTest" */;
			compatibilityVersion = "Xcode 9.3";
			developmentRegion = en;
			hasScannedForEncodings = 0;
			knownRegions = (
				en,
				Base,
			);
			mainGroup = 96CE3FE723BCB35F0083ADA4;
			productRefGroup = 96CE3FF123BCB35F0083ADA4 /* Products */;
			projectDirPath = "";
			projectRoot = "";
			targets = (
				96CE3FEF23BCB35F0083ADA4 /* CocoapodTest */,
				96CE400323BCB3620083ADA4 /* CocoapodTestTests */,
				96CE400E23BCB3620083ADA4 /* CocoapodTestUITests */,
			);
		};
/* End PBXProject section */

/* Begin PBXResourcesBuildPhase section */
		96CE3FEE23BCB35F0083ADA4 /* Resources */ = {
			isa = PBXResourcesBuildPhase;
			buildActionMask = 2147483647;
			files = (
				96CE3FFE23BCB3620083ADA4 /* LaunchScreen.storyboard in Resources */,
				96CE3FFB23BCB3620083ADA4 /* Assets.xcassets in Resources */,
				96CE3FF923BCB35F0083ADA4 /* Main.storyboard in Resources */,
			);
			runOnlyForDeploymentPostprocessing = 0;
		};
		96CE400223BCB3620083ADA4 /* Resources */ = {
			isa = PBXResourcesBuildPhase;
			buildActionMask = 2147483647;
			files = (
			);
			runOnlyForDeploymentPostprocessing = 0;
		};
		96CE400D23BCB3620083ADA4 /* Resources */ = {
			isa = PBXResourcesBuildPhase;
			buildActionMask = 2147483647;
			files = (
			);
			runOnlyForDeploymentPostprocessing = 0;
		};
/* End PBXResourcesBuildPhase section */

/* Begin PBXShellScriptBuildPhase section */
		DA149AD43BFDE687DA26AE95 /* [CP] Embed Pods Frameworks */ = {
			isa = PBXShellScriptBuildPhase;
			buildActionMask = 2147483647;
			files = (
			);
			inputFileListPaths = (
				"${PODS_ROOT}/Target Support Files/Pods-CocoapodTest/Pods-CocoapodTest-frameworks-${CONFIGURATION}-input-files.xcfilelist",
			);
			name = "[CP] Embed Pods Frameworks";
			outputFileListPaths = (
				"${PODS_ROOT}/Target Support Files/Pods-CocoapodTest/Pods-CocoapodTest-frameworks-${CONFIGURATION}-output-files.xcfilelist",
			);
			runOnlyForDeploymentPostprocessing = 0;
			shellPath = /bin/sh;
			shellScript = "\"${PODS_ROOT}/Target Support Files/Pods-CocoapodTest/Pods-CocoapodTest-frameworks.sh\"\n";
			showEnvVarsInLog = 0;
		};
		F61CDCB6457922234A6EAC7E /* [CP] Check Pods Manifest.lock */ = {
			isa = PBXShellScriptBuildPhase;
			buildActionMask = 2147483647;
			files = (
			);
			inputFileListPaths = (
			);
			inputPaths = (
				"${PODS_PODFILE_DIR_PATH}/Podfile.lock",
				"${PODS_ROOT}/Manifest.lock",
			);
			name = "[CP] Check Pods Manifest.lock";
			outputFileListPaths = (
			);
			outputPaths = (
				"$(DERIVED_FILE_DIR)/Pods-CocoapodTest-checkManifestLockResult.txt",
			);
			runOnlyForDeploymentPostprocessing = 0;
			shellPath = /bin/sh;
			shellScript = "diff \"${PODS_PODFILE_DIR_PATH}/Podfile.lock\" \"${PODS_ROOT}/Manifest.lock\" > /dev/null\nif [ $? != 0 ] ; then\n    # print error to STDERR\n    echo \"error: The sandbox is not in sync with the Podfile.lock. Run 'pod install' or update your CocoaPods installation.\" >&2\n    exit 1\nfi\n# This output is used by Xcode 'outputs' to avoid re-running this script phase.\necho \"SUCCESS\" > \"${SCRIPT_OUTPUT_FILE_0}\"\n";
			showEnvVarsInLog = 0;
		};
/* End PBXShellScriptBuildPhase section */

/* Begin PBXSourcesBuildPhase section */
		96CE3FEC23BCB35F0083ADA4 /* Sources */ = {
			isa = PBXSourcesBuildPhase;
			buildActionMask = 2147483647;
			files = (
				96CE3FF623BCB35F0083ADA4 /* ViewController.swift in Sources */,
				96CE3FF423BCB35F0083ADA4 /* AppDelegate.swift in Sources */,
				96CE402A23BEA9600083ADA4 /* BlogTableViewCell.swift in Sources */,
				96CE402C23BEAA1C0083ADA4 /* Blog.swift in Sources */,
				96CE402423BCD0F20083ADA4 /* NetWorkRequest.swift in Sources */,
				96CE402823BEA6F20083ADA4 /* BlogTableViewController.swift in Sources */,
				961C2C9323C112E100CE0C87 /* UserInfoViewController.swift in Sources */,
				961C2C9023C0D48A00CE0C87 /* CommentTableViewController.swift in Sources */,
				961C2C8E23C0D34900CE0C87 /* CommentTableViewCell.swift in Sources */,
				961C2C8623C0C49E00CE0C87 /* DetailViewController.swift in Sources */,
				9607A04023BF546E00306838 /* SentViewController.swift in Sources */,
				961C2C8A23C0D15100CE0C87 /* Comment.swift in Sources */,
				962D441923BFD85A00034A3A /* CommentUtil.swift in Sources */,
			);
			runOnlyForDeploymentPostprocessing = 0;
		};
		96CE400023BCB3620083ADA4 /* Sources */ = {
			isa = PBXSourcesBuildPhase;
			buildActionMask = 2147483647;
			files = (
				96CE400923BCB3620083ADA4 /* CocoapodTestTests.swift in Sources */,
			);
			runOnlyForDeploymentPostprocessing = 0;
		};
		96CE400B23BCB3620083ADA4 /* Sources */ = {
			isa = PBXSourcesBuildPhase;
			buildActionMask = 2147483647;
			files = (
				96CE401423BCB3620083ADA4 /* CocoapodTestUITests.swift in Sources */,
			);
			runOnlyForDeploymentPostprocessing = 0;
		};
/* End PBXSourcesBuildPhase section */

/* Begin PBXTargetDependency section */
		96CE400623BCB3620083ADA4 /* PBXTargetDependency */ = {
			isa = PBXTargetDependency;
			target = 96CE3FEF23BCB35F0083ADA4 /* CocoapodTest */;
			targetProxy = 96CE400523BCB3620083ADA4 /* PBXContainerItemProxy */;
		};
		96CE401123BCB3620083ADA4 /* PBXTargetDependency */ = {
			isa = PBXTargetDependency;
			target = 96CE3FEF23BCB35F0083ADA4 /* CocoapodTest */;
			targetProxy = 96CE401023BCB3620083ADA4 /* PBXContainerItemProxy */;
		};
/* End PBXTargetDependency section */

/* Begin PBXVariantGroup section */
		96CE3FF723BCB35F0083ADA4 /* Main.storyboard */ = {
			isa = PBXVariantGroup;
			children = (
				96CE3FF823BCB35F0083ADA4 /* Base */,
			);
			name = Main.storyboard;
			sourceTree = "<group>";
		};
		96CE3FFC23BCB3620083ADA4 /* LaunchScreen.storyboard */ = {
			isa = PBXVariantGroup;
			children = (
				96CE3FFD23BCB3620083ADA4 /* Base */,
			);
			name = LaunchScreen.storyboard;
			sourceTree = "<group>";
		};
/* End PBXVariantGroup section */

/* Begin XCBuildConfiguration section */
		96CE401623BCB3620083ADA4 /* Debug */ = {
			isa = XCBuildConfiguration;
			buildSettings = {
				ALWAYS_SEARCH_USER_PATHS = NO;
				CLANG_ANALYZER_NONNULL = YES;
				CLANG_ANALYZER_NUMBER_OBJECT_CONVERSION = YES_AGGRESSIVE;
				CLANG_CXX_LANGUAGE_STANDARD = "gnu++14";
				CLANG_CXX_LIBRARY = "libc++";
				CLANG_ENABLE_MODULES = YES;
				CLANG_ENABLE_OBJC_ARC = YES;
				CLANG_ENABLE_OBJC_WEAK = YES;
				CLANG_WARN_BLOCK_CAPTURE_AUTORELEASING = YES;
				CLANG_WARN_BOOL_CONVERSION = YES;
				CLANG_WARN_COMMA = YES;
				CLANG_WARN_CONSTANT_CONVERSION = YES;
				CLANG_WARN_DEPRECATED_OBJC_IMPLEMENTATIONS = YES;
				CLANG_WARN_DIRECT_OBJC_ISA_USAGE = YES_ERROR;
				CLANG_WARN_DOCUMENTATION_COMMENTS = YES;
				CLANG_WARN_EMPTY_BODY = YES;
				CLANG_WARN_ENUM_CONVERSION = YES;
				CLANG_WARN_INFINITE_RECURSION = YES;
				CLANG_WARN_INT_CONVERSION = YES;
				CLANG_WARN_NON_LITERAL_NULL_CONVERSION = YES;
				CLANG_WARN_OBJC_IMPLICIT_RETAIN_SELF = YES;
				CLANG_WARN_OBJC_LITERAL_CONVERSION = YES;
				CLANG_WARN_OBJC_ROOT_CLASS = YES_ERROR;
				CLANG_WARN_RANGE_LOOP_ANALYSIS = YES;
				CLANG_WARN_STRICT_PROTOTYPES = YES;
				CLANG_WARN_SUSPICIOUS_MOVE = YES;
				CLANG_WARN_UNGUARDED_AVAILABILITY = YES_AGGRESSIVE;
				CLANG_WARN_UNREACHABLE_CODE = YES;
				CLANG_WARN__DUPLICATE_METHOD_MATCH = YES;
				CODE_SIGN_IDENTITY = "iPhone Developer";
				COPY_PHASE_STRIP = NO;
				DEBUG_INFORMATION_FORMAT = dwarf;
				ENABLE_STRICT_OBJC_MSGSEND = YES;
				ENABLE_TESTABILITY = YES;
				GCC_C_LANGUAGE_STANDARD = gnu11;
				GCC_DYNAMIC_NO_PIC = NO;
				GCC_NO_COMMON_BLOCKS = YES;
				GCC_OPTIMIZATION_LEVEL = 0;
				GCC_PREPROCESSOR_DEFINITIONS = (
					"DEBUG=1",
					"$(inherited)",
				);
				GCC_WARN_64_TO_32_BIT_CONVERSION = YES;
				GCC_WARN_ABOUT_RETURN_TYPE = YES_ERROR;
				GCC_WARN_UNDECLARED_SELECTOR = YES;
				GCC_WARN_UNINITIALIZED_AUTOS = YES_AGGRESSIVE;
				GCC_WARN_UNUSED_FUNCTION = YES;
				GCC_WARN_UNUSED_VARIABLE = YES;
				IPHONEOS_DEPLOYMENT_TARGET = 12.1;
				MTL_ENABLE_DEBUG_INFO = INCLUDE_SOURCE;
				MTL_FAST_MATH = YES;
				ONLY_ACTIVE_ARCH = YES;
				SDKROOT = iphoneos;
				SWIFT_ACTIVE_COMPILATION_CONDITIONS = DEBUG;
				SWIFT_OPTIMIZATION_LEVEL = "-Onone";
			};
			name = Debug;
		};
		96CE401723BCB3620083ADA4 /* Release */ = {
			isa = XCBuildConfiguration;
			buildSettings = {
				ALWAYS_SEARCH_USER_PATHS = NO;
				CLANG_ANALYZER_NONNULL = YES;
				CLANG_ANALYZER_NUMBER_OBJECT_CONVERSION = YES_AGGRESSIVE;
				CLANG_CXX_LANGUAGE_STANDARD = "gnu++14";
				CLANG_CXX_LIBRARY = "libc++";
				CLANG_ENABLE_MODULES = YES;
				CLANG_ENABLE_OBJC_ARC = YES;
				CLANG_ENABLE_OBJC_WEAK = YES;
				CLANG_WARN_BLOCK_CAPTURE_AUTORELEASING = YES;
				CLANG_WARN_BOOL_CONVERSION = YES;
				CLANG_WARN_COMMA = YES;
				CLANG_WARN_CONSTANT_CONVERSION = YES;
				CLANG_WARN_DEPRECATED_OBJC_IMPLEMENTATIONS = YES;
				CLANG_WARN_DIRECT_OBJC_ISA_USAGE = YES_ERROR;
				CLANG_WARN_DOCUMENTATION_COMMENTS = YES;
				CLANG_WARN_EMPTY_BODY = YES;
				CLANG_WARN_ENUM_CONVERSION = YES;
				CLANG_WARN_INFINITE_RECURSION = YES;
				CLANG_WARN_INT_CONVERSION = YES;
				CLANG_WARN_NON_LITERAL_NULL_CONVERSION = YES;
				CLANG_WARN_OBJC_IMPLICIT_RETAIN_SELF = YES;
				CLANG_WARN_OBJC_LITERAL_CONVERSION = YES;
				CLANG_WARN_OBJC_ROOT_CLASS = YES_ERROR;
				CLANG_WARN_RANGE_LOOP_ANALYSIS = YES;
				CLANG_WARN_STRICT_PROTOTYPES = YES;
				CLANG_WARN_SUSPICIOUS_MOVE = YES;
				CLANG_WARN_UNGUARDED_AVAILABILITY = YES_AGGRESSIVE;
				CLANG_WARN_UNREACHABLE_CODE = YES;
				CLANG_WARN__DUPLICATE_METHOD_MATCH = YES;
				CODE_SIGN_IDENTITY = "iPhone Developer";
				COPY_PHASE_STRIP = NO;
				DEBUG_INFORMATION_FORMAT = "dwarf-with-dsym";
				ENABLE_NS_ASSERTIONS = NO;
				ENABLE_STRICT_OBJC_MSGSEND = YES;
				GCC_C_LANGUAGE_STANDARD = gnu11;
				GCC_NO_COMMON_BLOCKS = YES;
				GCC_WARN_64_TO_32_BIT_CONVERSION = YES;
				GCC_WARN_ABOUT_RETURN_TYPE = YES_ERROR;
				GCC_WARN_UNDECLARED_SELECTOR = YES;
				GCC_WARN_UNINITIALIZED_AUTOS = YES_AGGRESSIVE;
				GCC_WARN_UNUSED_FUNCTION = YES;
				GCC_WARN_UNUSED_VARIABLE = YES;
				IPHONEOS_DEPLOYMENT_TARGET = 12.1;
				MTL_ENABLE_DEBUG_INFO = NO;
				MTL_FAST_MATH = YES;
				SDKROOT = iphoneos;
				SWIFT_COMPILATION_MODE = wholemodule;
				SWIFT_OPTIMIZATION_LEVEL = "-O";
				VALIDATE_PRODUCT = YES;
			};
			name = Release;
		};
		96CE401923BCB3620083ADA4 /* Debug */ = {
			isa = XCBuildConfiguration;
			baseConfigurationReference = 68CFFB64791FF6A242A006CE /* Pods-CocoapodTest.debug.xcconfig */;
			buildSettings = {
				ASSETCATALOG_COMPILER_APPICON_NAME = AppIcon;
				CODE_SIGN_STYLE = Automatic;
				INFOPLIST_FILE = CocoapodTest/Info.plist;
				LD_RUNPATH_SEARCH_PATHS = (
					"$(inherited)",
					"@executable_path/Frameworks",
				);
				PRODUCT_BUNDLE_IDENTIFIER = Ja.CocoapodTest;
				PRODUCT_NAME = "$(TARGET_NAME)";
				SWIFT_VERSION = 4.2;
				TARGETED_DEVICE_FAMILY = "1,2";
				"USER_HEADER_SEARCH_PATHS[arch=*]" = "$(PODS_ROOT)/**";
			};
			name = Debug;
		};
		96CE401A23BCB3620083ADA4 /* Release */ = {
			isa = XCBuildConfiguration;
			baseConfigurationReference = 5EDA8032DF94531EC714D2AB /* Pods-CocoapodTest.release.xcconfig */;
			buildSettings = {
				ASSETCATALOG_COMPILER_APPICON_NAME = AppIcon;
				CODE_SIGN_STYLE = Automatic;
				"FRAMEWORK_SEARCH_PATHS[arch=*]" = "$(inherited)/**";
				INFOPLIST_FILE = CocoapodTest/Info.plist;
				LD_RUNPATH_SEARCH_PATHS = (
					"$(inherited)",
					"@executable_path/Frameworks",
				);
				PRODUCT_BUNDLE_IDENTIFIER = Ja.CocoapodTest;
				PRODUCT_NAME = "$(TARGET_NAME)";
				SWIFT_VERSION = 4.2;
				TARGETED_DEVICE_FAMILY = "1,2";
				"USER_HEADER_SEARCH_PATHS[arch=*]" = "$(PODS_ROOT)/**";
			};
			name = Release;
		};
		96CE401C23BCB3620083ADA4 /* Debug */ = {
			isa = XCBuildConfiguration;
			buildSettings = {
				ALWAYS_EMBED_SWIFT_STANDARD_LIBRARIES = YES;
				BUNDLE_LOADER = "$(TEST_HOST)";
				CODE_SIGN_STYLE = Automatic;
				INFOPLIST_FILE = CocoapodTestTests/Info.plist;
				LD_RUNPATH_SEARCH_PATHS = (
					"$(inherited)",
					"@executable_path/Frameworks",
					"@loader_path/Frameworks",
				);
				PRODUCT_BUNDLE_IDENTIFIER = Ja.CocoapodTestTests;
				PRODUCT_NAME = "$(TARGET_NAME)";
				SWIFT_VERSION = 4.2;
				TARGETED_DEVICE_FAMILY = "1,2";
				TEST_HOST = "$(BUILT_PRODUCTS_DIR)/CocoapodTest.app/CocoapodTest";
			};
			name = Debug;
		};
		96CE401D23BCB3620083ADA4 /* Release */ = {
			isa = XCBuildConfiguration;
			buildSettings = {
				ALWAYS_EMBED_SWIFT_STANDARD_LIBRARIES = YES;
				BUNDLE_LOADER = "$(TEST_HOST)";
				CODE_SIGN_STYLE = Automatic;
				INFOPLIST_FILE = CocoapodTestTests/Info.plist;
				LD_RUNPATH_SEARCH_PATHS = (
					"$(inherited)",
					"@executable_path/Frameworks",
					"@loader_path/Frameworks",
				);
				PRODUCT_BUNDLE_IDENTIFIER = Ja.CocoapodTestTests;
				PRODUCT_NAME = "$(TARGET_NAME)";
				SWIFT_VERSION = 4.2;
				TARGETED_DEVICE_FAMILY = "1,2";
				TEST_HOST = "$(BUILT_PRODUCTS_DIR)/CocoapodTest.app/CocoapodTest";
			};
			name = Release;
		};
		96CE401F23BCB3620083ADA4 /* Debug */ = {
			isa = XCBuildConfiguration;
			buildSettings = {
				ALWAYS_EMBED_SWIFT_STANDARD_LIBRARIES = YES;
				CODE_SIGN_STYLE = Automatic;
				INFOPLIST_FILE = CocoapodTestUITests/Info.plist;
				LD_RUNPATH_SEARCH_PATHS = (
					"$(inherited)",
					"@executable_path/Frameworks",
					"@loader_path/Frameworks",
				);
				PRODUCT_BUNDLE_IDENTIFIER = Ja.CocoapodTestUITests;
				PRODUCT_NAME = "$(TARGET_NAME)";
				SWIFT_VERSION = 4.2;
				TARGETED_DEVICE_FAMILY = "1,2";
				TEST_TARGET_NAME = CocoapodTest;
			};
			name = Debug;
		};
		96CE402023BCB3620083ADA4 /* Release */ = {
			isa = XCBuildConfiguration;
			buildSettings = {
				ALWAYS_EMBED_SWIFT_STANDARD_LIBRARIES = YES;
				CODE_SIGN_STYLE = Automatic;
				INFOPLIST_FILE = CocoapodTestUITests/Info.plist;
				LD_RUNPATH_SEARCH_PATHS = (
					"$(inherited)",
					"@executable_path/Frameworks",
					"@loader_path/Frameworks",
				);
				PRODUCT_BUNDLE_IDENTIFIER = Ja.CocoapodTestUITests;
				PRODUCT_NAME = "$(TARGET_NAME)";
				SWIFT_VERSION = 4.2;
				TARGETED_DEVICE_FAMILY = "1,2";
				TEST_TARGET_NAME = CocoapodTest;
			};
			name = Release;
		};
/* End XCBuildConfiguration section */

/* Begin XCConfigurationList section */
		96CE3FEB23BCB35F0083ADA4 /* Build configuration list for PBXProject "CocoapodTest" */ = {
			isa = XCConfigurationList;
			buildConfigurations = (
				96CE401623BCB3620083ADA4 /* Debug */,
				96CE401723BCB3620083ADA4 /* Release */,
			);
			defaultConfigurationIsVisible = 0;
			defaultConfigurationName = Release;
		};
		96CE401823BCB3620083ADA4 /* Build configuration list for PBXNativeTarget "CocoapodTest" */ = {
			isa = XCConfigurationList;
			buildConfigurations = (
				96CE401923BCB3620083ADA4 /* Debug */,
				96CE401A23BCB3620083ADA4 /* Release */,
			);
			defaultConfigurationIsVisible = 0;
			defaultConfigurationName = Release;
		};
		96CE401B23BCB3620083ADA4 /* Build configuration list for PBXNativeTarget "CocoapodTestTests" */ = {
			isa = XCConfigurationList;
			buildConfigurations = (
				96CE401C23BCB3620083ADA4 /* Debug */,
				96CE401D23BCB3620083ADA4 /* Release */,
			);
			defaultConfigurationIsVisible = 0;
			defaultConfigurationName = Release;
		};
		96CE401E23BCB3620083ADA4 /* Build configuration list for PBXNativeTarget "CocoapodTestUITests" */ = {
			isa = XCConfigurationList;
			buildConfigurations = (
				96CE401F23BCB3620083ADA4 /* Debug */,
				96CE402023BCB3620083ADA4 /* Release */,
			);
			defaultConfigurationIsVisible = 0;
			defaultConfigurationName = Release;
		};
/* End XCConfigurationList section */
	};
	rootObject = 96CE3FE823BCB35F0083ADA4 /* Project object */;
}
